<?xml version="1.0" encoding="utf-8"?>
<Project ToolsVersion="4.0" xmlns="http://schemas.microsoft.com/developer/msbuild/2003">
  <ItemGroup>
    <Filter Include="Source Files">
      <UniqueIdentifier>{4FC737F1-C7A5-4376-A066-2A32D752A2FF}</UniqueIdentifier>
      <Extensions>cpp;c;cc;cxx;c++;cppm;ixx;def;odl;idl;hpj;bat;asm;asmx</Extensions>
    </Filter>
    <Filter Include="Header Files">
      <UniqueIdentifier>{93995380-89BD-4b04-88EB-625FBE52EBFB}</UniqueIdentifier>
      <Extensions>h;hh;hpp;hxx;h++;hm;inl;inc;ipp;xsd</Extensions>
    </Filter>
    <Filter Include="Resource Files">
      <UniqueIdentifier>{67DA6AB6-F800-4c08-8B7A-83BB121AAD01}</UniqueIdentifier>
      <Extensions>rc;ico;cur;bmp;dlg;rc2;rct;bin;rgs;gif;jpg;jpeg;jpe;resx;tiff;tif;png;wav;mfcribbon-ms</Extensions>
    </Filter>
  </ItemGroup>
  <ItemGroup>
    <ResourceCompile Include="resource.rc">
      <Filter>Resource Files</Filter>
    </ResourceCompile>
  </ItemGroup>
  <ItemGroup>
    <ClInclude Include="resource.h">
      <Filter>Header Files</Filter>
    </ClInclude>
    <ClInclude Include="tanikaze.h">
      <Filter>Header Files</Filter>
    </ClInclude>
    <ClInclude Include="..\Shared\consts.h">
      <Filter>Header Files</Filter>
    </ClInclude>
    <ClInclude Include="..\Shared\kdubase.h">
      <Filter>Header Files</Filter>
    </ClInclude>
  </ItemGroup>
  <ItemGroup>
    <None Include="drv\iQVM64.bin">
      <Filter>Resource Files</Filter>
    </None>
    <None Include="drv\procexp.bin">
      <Filter>Resource Files</Filter>
    </None>
    <None Include="drv\RTCore64.bin">
      <Filter>Resource Files</Filter>
    </None>
    <None Include="drv\gdrv.bin">
      <Filter>Resource Files</Filter>
    </None>
    <None Include="drv\ATSZIO64.bin">
      <Filter>Resource Files</Filter>
    </None>
    <None Include="drv\msio64.bin">
      <Filter>Resource Files</Filter>
    </None>
    <None Include="drv\glckio2.bin">
      <Filter>Resource Files</Filter>
    </None>
    <None Include="drv\eneio64.bin">
      <Filter>Resource Files</Filter>
    </None>
    <None Include="drv\WinRing0x64.bin">
      <Filter>Resource Files</Filter>
    </None>
    <None Include="drv\enetechio64.bin">
      <Filter>Resource Files</Filter>
    </None>
    <None Include="drv\phymemx64.bin">
      <Filter>Resource Files</Filter>
    </None>
    <None Include="drv\rtkio64.bin">
      <Filter>Resource Files</Filter>
    </None>
    <None Include="drv\ene2.bin">
      <Filter>Resource Files</Filter>
    </None>
    <None Include="drv\lha.bin">
      <Filter>Resource Files</Filter>
    </None>
    <None Include="drv\asio2.bin">
      <Filter>Resource Files</Filter>
    </None>
    <None Include="drv\DirectIo64.bin">
      <Filter>Resource Files</Filter>
    </None>
    <None Include="drv\gmerdrv.bin">
      <Filter>Resource Files</Filter>
    </None>
    <None Include="drv\DbUtil2_3.bin">
      <Filter>Resource Files</Filter>
    </None>
    <None Include="drv\mimidrv.bin">
      <Filter>Resource Files</Filter>
    </None>
    <None Include="drv\kprocesshacker.bin">
      <Filter>Resource Files</Filter>
    </None>
    <None Include="drv\dbutildrv2.bin">
      <Filter>Resource Files</Filter>
    </None>
    <None Include="data\dbutilcat.bin">
      <Filter>Resource Files</Filter>
    </None>
    <None Include="data\dbutilinf.bin">
      <Filter>Resource Files</Filter>
    </None>
    <None Include="data\KMUEXE.bin">
      <Filter>Resource Files</Filter>
    </None>
    <None Include="data\KMUSIG.bin">
      <Filter>Resource Files</Filter>
    </None>
    <None Include="drv\dbk64.bin">
      <Filter>Resource Files</Filter>
    </None>
    <None Include="drv\AsIO3.bin">
      <Filter>Resource Files</Filter>
    </None>
    <None Include="data\AsusCertService.bin">
      <Filter>Resource Files</Filter>
    </None>
    <None Include="drv\HW64.bin">
      <Filter>Resource Files</Filter>
    </None>
    <None Include="drv\SysDrv3S.bin">
      <Filter>Resource Files</Filter>
    </None>
    <None Include="drv\amsdk.bin">
      <Filter>Resource Files</Filter>
    </None>
    <None Include="drv\inpoutx64.bin">
      <Filter>Resource Files</Filter>
    </None>
    <None Include="drv\mktoolsx64.bin">
      <Filter>Resource Files</Filter>
    </None>
    <None Include="drv\DirectIo64_2.bin">
      <Filter>Resource Files</Filter>
    </None>
    <None Include="drv\AsrDrv106.bin">
      <Filter>Resource Files</Filter>
    </None>
    <None Include="drv\ALSysIO64.bin">
      <Filter>Resource Files</Filter>
    </None>
    <None Include="drv\AMDRyzenMasterDriver.bin">
      <Filter>Resource Files</Filter>
    </None>
    <None Include="drv\physmem.bin">
      <Filter>Resource Files</Filter>
    </None>
    <None Include="drv\procexp1627.bin">
      <Filter>Resource Files</Filter>
    </None>
    <None Include="drv\procexp1702.bin">
      <Filter>Resource Files</Filter>
    </None>
    <None Include="drv\LDD.bin">
      <Filter>Resource Files</Filter>
    </None>
    <None Include="drv\pcdsrvc_x64.bin">
      <Filter>Resource Files</Filter>
    </None>
    <None Include="drv\heavenluo.bin">
      <Filter>Resource Files</Filter>
    </None>
    <None Include="drv\etdsupp.bin">
      <Filter>Resource Files</Filter>
    </None>
    <None Include="drv\KExplore.bin">
      <Filter>Resource Files</Filter>
    </None>
    <None Include="drv\KObjExp.bin">
      <Filter>Resource Files</Filter>
    </None>
    <None Include="drv\KRegExp.bin">
      <Filter>Resource Files</Filter>
    </None>
    <None Include="drv\echo_driver.bin">
      <Filter>Resource Files</Filter>
    </None>
    <None Include="drv\nvoclock.bin">
      <Filter>Resource Files</Filter>
    </None>
    <None Include="drv\irec.bin">
      <Filter>Resource Files</Filter>
    </None>
    <None Include="drv\rzpnk.bin">
      <Filter>Resource Files</Filter>
    </None>
    <None Include="drv\PhyDMACC.bin">
      <Filter>Resource Files</Filter>
    </None>
    <None Include="drv\PdFwKrnl.bin">
      <Filter>Resource Files</Filter>
    </None>
    <None Include="drv\AODDriver215.bin">
      <Filter>Resource Files</Filter>
    </None>
    <None Include="drv\phymem_panda.bin">
      <Filter>Resource Files</Filter>
    </None>
    <None Include="drv\wnBios64.bin">
      <Filter>Resource Files</Filter>
    </None>
    <None Include="drv\eleetx1.bin">
      <Filter>Resource Files</Filter>
    </None>
    <None Include="drv\AxtuDrv.bin">
      <Filter>Resource Files</Filter>
    </None>
    <None Include="drv\AppShopDrv103.bin">
      <Filter>Resource Files</Filter>
    </None>
    <None Include="drv\AsrDrv107n.bin">
      <Filter>Resource Files</Filter>
    </None>
    <None Include="drv\AsrDrv107.bin">
      <Filter>Resource Files</Filter>
    </None>
  </ItemGroup>
  <ItemGroup>
    <ClCompile Include="main.cpp">
      <Filter>Source Files</Filter>
    </ClCompile>
  </ItemGroup>
</Project>