<?xml version="1.0" encoding="utf-8"?>
<Project ToolsVersion="4.0" xmlns="http://schemas.microsoft.com/developer/msbuild/2003">
  <ItemGroup>
    <Filter Include="Source Files">
      <UniqueIdentifier>{4FC737F1-C7A5-4376-A066-2A32D752A2FF}</UniqueIdentifier>
      <Extensions>cpp;c;cc;cxx;c++;cppm;ixx;def;odl;idl;hpj;bat;asm;asmx</Extensions>
    </Filter>
    <Filter Include="Header Files">
      <UniqueIdentifier>{93995380-89BD-4b04-88EB-625FBE52EBFB}</UniqueIdentifier>
      <Extensions>h;hh;hpp;hxx;h++;hm;inl;inc;ipp;xsd</Extensions>
    </Filter>
    <Filter Include="Resource Files">
      <UniqueIdentifier>{67DA6AB6-F800-4c08-8B7A-83BB121AAD01}</UniqueIdentifier>
      <Extensions>rc;ico;cur;bmp;dlg;rc2;rct;bin;rgs;gif;jpg;jpeg;jpe;resx;tiff;tif;png;wav;mfcribbon-ms</Extensions>
    </Filter>
    <Filter Include="ntos">
      <UniqueIdentifier>{a4f6a72c-7556-4f04-a0d3-56a379a22920}</UniqueIdentifier>
    </Filter>
    <Filter Include="minirtl">
      <UniqueIdentifier>{6ca26a97-e04d-4f1e-870e-560eea4659be}</UniqueIdentifier>
    </Filter>
  </ItemGroup>
  <ItemGroup>
    <ClCompile Include="main.cpp">
      <Filter>Source Files</Filter>
    </ClCompile>
    <ClCompile Include="..\Shared\minirtl\_strncmpi.c">
      <Filter>minirtl</Filter>
    </ClCompile>
    <ClCompile Include="..\Shared\minirtl\_strcpy.c">
      <Filter>minirtl</Filter>
    </ClCompile>
    <ClCompile Include="..\Shared\minirtl\_strend.c">
      <Filter>minirtl</Filter>
    </ClCompile>
    <ClCompile Include="..\Shared\minirtl\ultohex.c">
      <Filter>minirtl</Filter>
    </ClCompile>
    <ClCompile Include="..\Shared\minirtl\_strcat.c">
      <Filter>minirtl</Filter>
    </ClCompile>
    <ClCompile Include="ipc.cpp">
      <Filter>Source Files</Filter>
    </ClCompile>
    <ClCompile Include="asio.cpp">
      <Filter>Source Files</Filter>
    </ClCompile>
    <ClCompile Include="..\Shared\minirtl\strtoul.c">
      <Filter>minirtl</Filter>
    </ClCompile>
  </ItemGroup>
  <ItemGroup>
    <ClInclude Include="..\Shared\ntos\ntos.h">
      <Filter>ntos</Filter>
    </ClInclude>
    <ClInclude Include="..\Shared\minirtl\minirtl.h">
      <Filter>minirtl</Filter>
    </ClInclude>
    <ClInclude Include="..\Shared\minirtl\rtltypes.h">
      <Filter>minirtl</Filter>
    </ClInclude>
    <ClInclude Include="ipc.h">
      <Filter>Header Files</Filter>
    </ClInclude>
    <ClInclude Include="global.h">
      <Filter>Header Files</Filter>
    </ClInclude>
    <ClInclude Include="asio.h">
      <Filter>Header Files</Filter>
    </ClInclude>
  </ItemGroup>
  <ItemGroup>
    <None Include="export.def">
      <Filter>Header Files</Filter>
    </None>
  </ItemGroup>
</Project>