
Microsoft Visual Studio Solution File, Format Version 12.00
# Visual Studio 14
VisualStudioVersion = 14.0.25420.1
MinimumVisualStudioVersion = 10.0.40219.1
Project("{8BC9CEB8-8B4A-11D0-8D11-00A0C91BC942}") = "dummy", "dummy\dummy.vcxproj", "{3D8146DE-8064-46C0-9E70-CEEC357B2290}"
EndProject
Global
	GlobalSection(SolutionConfigurationPlatforms) = preSolution
		Release|x64 = Release|x64
	EndGlobalSection
	GlobalSection(ProjectConfigurationPlatforms) = postSolution
		{3D8146DE-8064-46C0-9E70-CEEC357B2290}.Release|x64.ActiveCfg = Release|x64
		{3D8146DE-8064-46C0-9E70-CEEC357B2290}.Release|x64.Build.0 = Release|x64
		{3D8146DE-8064-46C0-9E70-CEEC357B2290}.Release|x64.Deploy.0 = Release|x64
	EndGlobalSection
	GlobalSection(SolutionProperties) = preSolution
		HideSolutionNode = FALSE
	EndGlobalSection
EndGlobal
